// !$*UTF8*$!
{
	archiveVersion = 1;
	classes = {
	};
	objectVersion = 46;
	objects = {

/* Begin PBXBuildFile section */
		27216C261A6739A4006CA237 /* main.swift in Sources */ = {isa = PBXBuildFile; fileRef = 27216C251A6739A4006CA237 /* main.swift */; };
/* End PBXBuildFile section */

/* Begin PBXCopyFilesBuildPhase section */
		27216C201A6739A4006CA237 /* CopyFiles */ = {
			isa = PBXCopyFilesBuildPhase;
			buildActionMask = 2147483647;
			dstPath = /usr/share/man/man1/;
			dstSubfolderSpec = 0;
			files = (
			);
			runOnlyForDeploymentPostprocessing = 1;
		};
/* End PBXCopyFilesBuildPhase section */

/* Begin PBXFileReference section */
		27216C221A6739A4006CA237 /* LinkedListSwift */ = {isa = PBXFileReference; explicitFileType = "compiled.mach-o.executable"; includeInIndex = 0; path = LinkedListSwift; sourceTree = BUILT_PRODUCTS_DIR; };
		27216C251A6739A4006CA237 /* main.swift */ = {isa = PBXFileReference; lastKnownFileType = sourcecode.swift; path = main.swift; sourceTree = "<group>"; };
		27216C2C1A6739BE006CA237 /* LinkedList.playground */ = {isa = PBXFileReference; lastKnownFileType = file.playground; path = LinkedList.playground; sourceTree = "<group>"; };
		27216C2D1A6767A8006CA237 /* ScratchPad.playground */ = {isa = PBXFileReference; lastKnownFileType = file.playground; path = ScratchPad.playground; sourceTree = "<group>"; };
		279A6CDF1A6771C100086CE0 /* LinkedList2.playground */ = {isa = PBXFileReference; lastKnownFileType = file.playground; path = LinkedList2.playground; sourceTree = "<group>"; };
/* End PBXFileReference section */

/* Begin PBXFrameworksBuildPhase section */
		27216C1F1A6739A4006CA237 /* Frameworks */ = {
			isa = PBXFrameworksBuildPhase;
			buildActionMask = 2147483647;
			files = (
			);
			runOnlyForDeploymentPostprocessing = 0;
		};
/* End PBXFrameworksBuildPhase section */

/* Begin PBXGroup section */
		27216C191A6739A4006CA237 = {
			isa = PBXGroup;
			children = (
				27216C2C1A6739BE006CA237 /* LinkedList.playground */,
				27C5C92B1A67832200FF4976 /* ScratchPads */,
				27216C241A6739A4006CA237 /* LinkedListSwift */,
				27216C231A6739A4006CA237 /* Products */,
			);
			sourceTree = "<group>";
		};
		27216C231A6739A4006CA237 /* Products */ = {
			isa = PBXGroup;
			children = (
				27216C221A6739A4006CA237 /* LinkedListSwift */,
			);
			name = Products;
			sourceTree = "<group>";
		};
		27216C241A6739A4006CA237 /* LinkedListSwift */ = {
			isa = PBXGroup;
			children = (
				27216C251A6739A4006CA237 /* main.swift */,
			);
			path = LinkedListSwift;
			sourceTree = "<group>";
		};
		27C5C92B1A67832200FF4976 /* ScratchPads */ = {
			isa = PBXGroup;
			children = (
				279A6CDF1A6771C100086CE0 /* LinkedList2.playground */,
				27216C2D1A6767A8006CA237 /* ScratchPad.playground */,
			);
			name = ScratchPads;
			sourceTree = "<group>";
		};
/* End PBXGroup section */

/* Begin PBXNativeTarget section */
		27216C211A6739A4006CA237 /* LinkedListSwift */ = {
			isa = PBXNativeTarget;
			buildConfigurationList = 27216C291A6739A4006CA237 /* Build configuration list for PBXNativeTarget "LinkedListSwift" */;
			buildPhases = (
				27216C1E1A6739A4006CA237 /* Sources */,
				27216C1F1A6739A4006CA237 /* Frameworks */,
				27216C201A6739A4006CA237 /* CopyFiles */,
			);
			buildRules = (
			);
			dependencies = (
			);
			name = LinkedListSwift;
			productName = LinkedListSwift;
			productReference = 27216C221A6739A4006CA237 /* LinkedListSwift */;
			productType = "com.apple.product-type.tool";
		};
/* End PBXNativeTarget section */

/* Begin PBXProject section */
		27216C1A1A6739A4006CA237 /* Project object */ = {
			isa = PBXProject;
			attributes = {
				LastUpgradeCheck = 0610;
				ORGANIZATIONNAME = "Mike Reining";
				TargetAttributes = {
					27216C211A6739A4006CA237 = {
						CreatedOnToolsVersion = 6.1.1;
					};
				};
			};
			buildConfigurationList = 27216C1D1A6739A4006CA237 /* Build configuration list for PBXProject "LinkedListSwift" */;
			compatibilityVersion = "Xcode 3.2";
			developmentRegion = English;
			hasScannedForEncodings = 0;
			knownRegions = (
				en,
			);
			mainGroup = 27216C191A6739A4006CA237;
			productRefGroup = 27216C231A6739A4006CA237 /* Products */;
			projectDirPath = "";
			projectRoot = "";
			targets = (
				27216C211A6739A4006CA237 /* LinkedListSwift */,
			);
		};
/* End PBXProject section */

/* Begin PBXSourcesBuildPhase section */
		27216C1E1A6739A4006CA237 /* Sources */ = {
			isa = PBXSourcesBuildPhase;
			buildActionMask = 2147483647;
			files = (
				27216C261A6739A4006CA237 /* main.swift in Sources */,
			);
			runOnlyForDeploymentPostprocessing = 0;
		};
/* End PBXSourcesBuildPhase section */

/* Begin XCBuildConfiguration section */
		27216C271A6739A4006CA237 /* Debug */ = {
			isa = XCBuildConfiguration;
			buildSettings = {
				ALWAYS_SEARCH_USER_PATHS = NO;
				CLANG_CXX_LANGUAGE_STANDARD = "gnu++0x";
				CLANG_CXX_LIBRARY = "libc++";
				CLANG_ENABLE_MODULES = YES;
				CLANG_ENABLE_OBJC_ARC = YES;
				CLANG_WARN_BOOL_CONVERSION = YES;
				CLANG_WARN_CONSTANT_CONVERSION = YES;
				CLANG_WARN_DIRECT_OBJC_ISA_USAGE = YES_ERROR;
				CLANG_WARN_EMPTY_BODY = YES;
				CLANG_WARN_ENUM_CONVERSION = YES;
				CLANG_WARN_INT_CONVERSION = YES;
				CLANG_WARN_OBJC_ROOT_CLASS = YES_ERROR;
				CLANG_WARN_UNREACHABLE_CODE = YES;
				CLANG_WARN__DUPLICATE_METHOD_MATCH = YES;
				COPY_PHASE_STRIP = NO;
				ENABLE_STRICT_OBJC_MSGSEND = YES;
				GCC_C_LANGUAGE_STANDARD = gnu99;
				GCC_DYNAMIC_NO_PIC = NO;
				GCC_OPTIMIZATION_LEVEL = 0;
				GCC_PREPROCESSOR_DEFINITIONS = (
					"DEBUG=1",
					"$(inherited)",
				);
				GCC_SYMBOLS_PRIVATE_EXTERN = NO;
				GCC_WARN_64_TO_32_BIT_CONVERSION = YES;
				GCC_WARN_ABOUT_RETURN_TYPE = YES_ERROR;
				GCC_WARN_UNDECLARED_SELECTOR = YES;
				GCC_WARN_UNINITIALIZED_AUTOS = YES_AGGRESSIVE;
				GCC_WARN_UNUSED_FUNCTION = YES;
				GCC_WARN_UNUSED_VARIABLE = YES;
				MACOSX_DEPLOYMENT_TARGET = 10.10;
				MTL_ENABLE_DEBUG_INFO = YES;
				ONLY_ACTIVE_ARCH = YES;
				SDKROOT = macosx;
				SWIFT_OPTIMIZATION_LEVEL = "-Onone";
			};
			name = Debug;
		};
		27216C281A6739A4006CA237 /* Release */ = {
			isa = XCBuildConfiguration;
			buildSettings = {
				ALWAYS_SEARCH_USER_PATHS = NO;
				CLANG_CXX_LANGUAGE_STANDARD = "gnu++0x";
				CLANG_CXX_LIBRARY = "libc++";
				CLANG_ENABLE_MODULES = YES;
				CLANG_ENABLE_OBJC_ARC = YES;
				CLANG_WARN_BOOL_CONVERSION = YES;
				CLANG_WARN_CONSTANT_CONVERSION = YES;
				CLANG_WARN_DIRECT_OBJC_ISA_USAGE = YES_ERROR;
				CLANG_WARN_EMPTY_BODY = YES;
				CLANG_WARN_ENUM_CONVERSION = YES;
				CLANG_WARN_INT_CONVERSION = YES;
				CLANG_WARN_OBJC_ROOT_CLASS = YES_ERROR;
				CLANG_WARN_UNREACHABLE_CODE = YES;
				CLANG_WARN__DUPLICATE_METHOD_MATCH = YES;
				COPY_PHASE_STRIP = YES;
				DEBUG_INFORMATION_FORMAT = "dwarf-with-dsym";
				ENABLE_NS_ASSERTIONS = NO;
				ENABLE_STRICT_OBJC_MSGSEND = YES;
				GCC_C_LANGUAGE_STANDARD = gnu99;
				GCC_WARN_64_TO_32_BIT_CONVERSION = YES;
				GCC_WARN_ABOUT_RETURN_TYPE = YES_ERROR;
				GCC_WARN_UNDECLARED_SELECTOR = YES;
				GCC_WARN_UNINITIALIZED_AUTOS = YES_AGGRESSIVE;
				GCC_WARN_UNUSED_FUNCTION = YES;
				GCC_WARN_UNUSED_VARIABLE = YES;
				MACOSX_DEPLOYMENT_TARGET = 10.10;
				MTL_ENABLE_DEBUG_INFO = NO;
				SDKROOT = macosx;
			};
			name = Release;
		};
		27216C2A1A6739A4006CA237 /* Debug */ = {
			isa = XCBuildConfiguration;
			buildSettings = {
				PRODUCT_NAME = "$(TARGET_NAME)";
			};
			name = Debug;
		};
		27216C2B1A6739A4006CA237 /* Release */ = {
			isa = XCBuildConfiguration;
			buildSettings = {
				PRODUCT_NAME = "$(TARGET_NAME)";
			};
			name = Release;
		};
/* End XCBuildConfiguration section */

/* Begin XCConfigurationList section */
		27216C1D1A6739A4006CA237 /* Build configuration list for PBXProject "LinkedListSwift" */ = {
			isa = XCConfigurationList;
			buildConfigurations = (
				27216C271A6739A4006CA237 /* Debug */,
				27216C281A6739A4006CA237 /* Release */,
			);
			defaultConfigurationIsVisible = 0;
			defaultConfigurationName = Release;
		};
		27216C291A6739A4006CA237 /* Build configuration list for PBXNativeTarget "LinkedListSwift" */ = {
			isa = XCConfigurationList;
			buildConfigurations = (
				27216C2A1A6739A4006CA237 /* Debug */,
				27216C2B1A6739A4006CA237 /* Release */,
			);
			defaultConfigurationIsVisible = 0;
			defaultConfigurationName = Release;
		};
/* End XCConfigurationList section */
	};
	rootObject = 27216C1A1A6739A4006CA237 /* Project object */;
}
